
Microsoft Visual Studio Solution File, Format Version 12.00
# Visual Studio Version 17
VisualStudioVersion = 17.0.31903.59
MinimumVisualStudioVersion = 10.0.40219.1
Project("{FAE04EC0-301F-11D3-BF4B-00C04F79EFBC}") = "NetworkUtility", "NetworkUtility\NetworkUtility.csproj", "{BC11D1F2-9D20-4761-9914-CFF6B3343C0B}"
EndProject
Project("{FAE04EC0-301F-11D3-BF4B-00C04F79EFBC}") = "NetworkUtility.Tests", "NetworkUtility.Tests\NetworkUtility.Tests.csproj", "{55B89F60-E001-41C1-AED4-58BECD73FB74}"
EndProject
Global
	GlobalSection(SolutionConfigurationPlatforms) = preSolution
		Debug|Any CPU = Debug|Any CPU
		Release|Any CPU = Release|Any CPU
	EndGlobalSection
	GlobalSection(SolutionProperties) = preSolution
		HideSolutionNode = FALSE
	EndGlobalSection
	GlobalSection(ProjectConfigurationPlatforms) = postSolution
		{BC11D1F2-9D20-4761-9914-CFF6B3343C0B}.Debug|Any CPU.ActiveCfg = Debug|Any CPU
		{BC11D1F2-9D20-4761-9914-CFF6B3343C0B}.Debug|Any CPU.Build.0 = Debug|Any CPU
		{BC11D1F2-9D20-4761-9914-CFF6B3343C0B}.Release|Any CPU.ActiveCfg = Release|Any CPU
		{BC11D1F2-9D20-4761-9914-CFF6B3343C0B}.Release|Any CPU.Build.0 = Release|Any CPU
		{55B89F60-E001-41C1-AED4-58BECD73FB74}.Debug|Any CPU.ActiveCfg = Debug|Any CPU
		{55B89F60-E001-41C1-AED4-58BECD73FB74}.Debug|Any CPU.Build.0 = Debug|Any CPU
		{55B89F60-E001-41C1-AED4-58BECD73FB74}.Release|Any CPU.ActiveCfg = Release|Any CPU
		{55B89F60-E001-41C1-AED4-58BECD73FB74}.Release|Any CPU.Build.0 = Release|Any CPU
	EndGlobalSection
EndGlobal
